
Microsoft Visual Studio Solution File, Format Version 12.00
# Visual Studio 15
VisualStudioVersion = 15.0.26124.0
MinimumVisualStudioVersion = 15.0.26124.0
Project("{FAE04EC0-301F-11D3-BF4B-00C04F79EFBC}") = "GameTop", "GameTop\GameTop.csproj", "{584D6C2E-1AD9-4FCA-87EA-41E9A585C727}"
EndProject
Project("{FAE04EC0-301F-11D3-BF4B-00C04F79EFBC}") = "GameTop.Lib", "GameTop.Lib\GameTop.Lib.csproj", "{D38E7D33-9AAA-4147-9DCD-0485F2F1482F}"
EndProject
Project("{FAE04EC0-301F-11D3-BF4B-00C04F79EFBC}") = "GameTop.Interface", "GameTop.Interface\GameTop.Interface.csproj", "{CDF48914-289F-447F-808C-FDF4A5352741}"
EndProject
Global
	GlobalSection(SolutionConfigurationPlatforms) = preSolution
		Debug|Any CPU = Debug|Any CPU
		Debug|x64 = Debug|x64
		Debug|x86 = Debug|x86
		Release|Any CPU = Release|Any CPU
		Release|x64 = Release|x64
		Release|x86 = Release|x86
	EndGlobalSection
	GlobalSection(SolutionProperties) = preSolution
		HideSolutionNode = FALSE
	EndGlobalSection
	GlobalSection(ProjectConfigurationPlatforms) = postSolution
		{584D6C2E-1AD9-4FCA-87EA-41E9A585C727}.Debug|Any CPU.ActiveCfg = Debug|Any CPU
		{584D6C2E-1AD9-4FCA-87EA-41E9A585C727}.Debug|Any CPU.Build.0 = Debug|Any CPU
		{584D6C2E-1AD9-4FCA-87EA-41E9A585C727}.Debug|x64.ActiveCfg = Debug|Any CPU
		{584D6C2E-1AD9-4FCA-87EA-41E9A585C727}.Debug|x64.Build.0 = Debug|Any CPU
		{584D6C2E-1AD9-4FCA-87EA-41E9A585C727}.Debug|x86.ActiveCfg = Debug|Any CPU
		{584D6C2E-1AD9-4FCA-87EA-41E9A585C727}.Debug|x86.Build.0 = Debug|Any CPU
		{584D6C2E-1AD9-4FCA-87EA-41E9A585C727}.Release|Any CPU.ActiveCfg = Release|Any CPU
		{584D6C2E-1AD9-4FCA-87EA-41E9A585C727}.Release|Any CPU.Build.0 = Release|Any CPU
		{584D6C2E-1AD9-4FCA-87EA-41E9A585C727}.Release|x64.ActiveCfg = Release|Any CPU
		{584D6C2E-1AD9-4FCA-87EA-41E9A585C727}.Release|x64.Build.0 = Release|Any CPU
		{584D6C2E-1AD9-4FCA-87EA-41E9A585C727}.Release|x86.ActiveCfg = Release|Any CPU
		{584D6C2E-1AD9-4FCA-87EA-41E9A585C727}.Release|x86.Build.0 = Release|Any CPU
		{D38E7D33-9AAA-4147-9DCD-0485F2F1482F}.Debug|Any CPU.ActiveCfg = Debug|Any CPU
		{D38E7D33-9AAA-4147-9DCD-0485F2F1482F}.Debug|Any CPU.Build.0 = Debug|Any CPU
		{D38E7D33-9AAA-4147-9DCD-0485F2F1482F}.Debug|x64.ActiveCfg = Debug|Any CPU
		{D38E7D33-9AAA-4147-9DCD-0485F2F1482F}.Debug|x64.Build.0 = Debug|Any CPU
		{D38E7D33-9AAA-4147-9DCD-0485F2F1482F}.Debug|x86.ActiveCfg = Debug|Any CPU
		{D38E7D33-9AAA-4147-9DCD-0485F2F1482F}.Debug|x86.Build.0 = Debug|Any CPU
		{D38E7D33-9AAA-4147-9DCD-0485F2F1482F}.Release|Any CPU.ActiveCfg = Release|Any CPU
		{D38E7D33-9AAA-4147-9DCD-0485F2F1482F}.Release|Any CPU.Build.0 = Release|Any CPU
		{D38E7D33-9AAA-4147-9DCD-0485F2F1482F}.Release|x64.ActiveCfg = Release|Any CPU
		{D38E7D33-9AAA-4147-9DCD-0485F2F1482F}.Release|x64.Build.0 = Release|Any CPU
		{D38E7D33-9AAA-4147-9DCD-0485F2F1482F}.Release|x86.ActiveCfg = Release|Any CPU
		{D38E7D33-9AAA-4147-9DCD-0485F2F1482F}.Release|x86.Build.0 = Release|Any CPU
		{CDF48914-289F-447F-808C-FDF4A5352741}.Debug|Any CPU.ActiveCfg = Debug|Any CPU
		{CDF48914-289F-447F-808C-FDF4A5352741}.Debug|Any CPU.Build.0 = Debug|Any CPU
		{CDF48914-289F-447F-808C-FDF4A5352741}.Debug|x64.ActiveCfg = Debug|Any CPU
		{CDF48914-289F-447F-808C-FDF4A5352741}.Debug|x64.Build.0 = Debug|Any CPU
		{CDF48914-289F-447F-808C-FDF4A5352741}.Debug|x86.ActiveCfg = Debug|Any CPU
		{CDF48914-289F-447F-808C-FDF4A5352741}.Debug|x86.Build.0 = Debug|Any CPU
		{CDF48914-289F-447F-808C-FDF4A5352741}.Release|Any CPU.ActiveCfg = Release|Any CPU
		{CDF48914-289F-447F-808C-FDF4A5352741}.Release|Any CPU.Build.0 = Release|Any CPU
		{CDF48914-289F-447F-808C-FDF4A5352741}.Release|x64.ActiveCfg = Release|Any CPU
		{CDF48914-289F-447F-808C-FDF4A5352741}.Release|x64.Build.0 = Release|Any CPU
		{CDF48914-289F-447F-808C-FDF4A5352741}.Release|x86.ActiveCfg = Release|Any CPU
		{CDF48914-289F-447F-808C-FDF4A5352741}.Release|x86.Build.0 = Release|Any CPU
	EndGlobalSection
EndGlobal
